// !$*UTF8*$!
{
	archiveVersion = 1;
	classes = {
	};
	objectVersion = 56;
	objects = {

/* Begin PBXBuildFile section */
		8E27F4C229BEF8320024E191 /* PostersViewController.swift in Sources */ = {isa = PBXBuildFile; fileRef = 8E27F4C129BEF8320024E191 /* PostersViewController.swift */; };
		8E27F4C429BEF97E0024E191 /* Poster.swift in Sources */ = {isa = PBXBuildFile; fileRef = 8E27F4C329BEF97E0024E191 /* Poster.swift */; };
		8E27F4C629BEFC6A0024E191 /* PosterCell.swift in Sources */ = {isa = PBXBuildFile; fileRef = 8E27F4C529BEFC6A0024E191 /* PosterCell.swift */; };
		8E27F4C829BF0AEF0024E191 /* Similar.swift in Sources */ = {isa = PBXBuildFile; fileRef = 8E27F4C729BF0AEE0024E191 /* Similar.swift */; };
		8E27F4CC29BF0CC30024E191 /* SimilarCell.swift in Sources */ = {isa = PBXBuildFile; fileRef = 8E27F4CB29BF0CC30024E191 /* SimilarCell.swift */; };
		8E27F4CE29BF0CEE0024E191 /* SimilarViewController.swift in Sources */ = {isa = PBXBuildFile; fileRef = 8E27F4CD29BF0CEE0024E191 /* SimilarViewController.swift */; };
		8E5A438229B587EA00252339 /* AppDelegate.swift in Sources */ = {isa = PBXBuildFile; fileRef = 8E5A438129B587EA00252339 /* AppDelegate.swift */; };
		8E5A438429B587EA00252339 /* SceneDelegate.swift in Sources */ = {isa = PBXBuildFile; fileRef = 8E5A438329B587EA00252339 /* SceneDelegate.swift */; };
		8E5A438629B587EA00252339 /* MoviesViewController.swift in Sources */ = {isa = PBXBuildFile; fileRef = 8E5A438529B587EA00252339 /* MoviesViewController.swift */; };
		8E5A438929B587EA00252339 /* Main.storyboard in Resources */ = {isa = PBXBuildFile; fileRef = 8E5A438729B587EA00252339 /* Main.storyboard */; };
		8E5A438B29B587EC00252339 /* Assets.xcassets in Resources */ = {isa = PBXBuildFile; fileRef = 8E5A438A29B587EC00252339 /* Assets.xcassets */; };
		8E5A438E29B587EC00252339 /* LaunchScreen.storyboard in Resources */ = {isa = PBXBuildFile; fileRef = 8E5A438C29B587EC00252339 /* LaunchScreen.storyboard */; };
		8E5A439929B587EC00252339 /* moovieTests.swift in Sources */ = {isa = PBXBuildFile; fileRef = 8E5A439829B587EC00252339 /* moovieTests.swift */; };
		8E5A43A329B587EC00252339 /* moovieUITests.swift in Sources */ = {isa = PBXBuildFile; fileRef = 8E5A43A229B587EC00252339 /* moovieUITests.swift */; };
		8E5A43A529B587EC00252339 /* moovieUITestsLaunchTests.swift in Sources */ = {isa = PBXBuildFile; fileRef = 8E5A43A429B587EC00252339 /* moovieUITestsLaunchTests.swift */; };
		8E5A43B229B5893300252339 /* Movie.swift in Sources */ = {isa = PBXBuildFile; fileRef = 8E5A43B129B5893300252339 /* Movie.swift */; };
		8E5A43B429B58D8D00252339 /* MovieCell.swift in Sources */ = {isa = PBXBuildFile; fileRef = 8E5A43B329B58D8D00252339 /* MovieCell.swift */; };
		8E5A43B829B5B30A00252339 /* Nuke in Frameworks */ = {isa = PBXBuildFile; productRef = 8E5A43B729B5B30A00252339 /* Nuke */; };
		8E5A43BE29B5C95B00252339 /* DetailViewController.swift in Sources */ = {isa = PBXBuildFile; fileRef = 8E5A43BD29B5C95B00252339 /* DetailViewController.swift */; };
/* End PBXBuildFile section */

/* Begin PBXContainerItemProxy section */
		8E5A439529B587EC00252339 /* PBXContainerItemProxy */ = {
			isa = PBXContainerItemProxy;
			containerPortal = 8E5A437629B587EA00252339 /* Project object */;
			proxyType = 1;
			remoteGlobalIDString = 8E5A437D29B587EA00252339;
			remoteInfo = moovie;
		};
		8E5A439F29B587EC00252339 /* PBXContainerItemProxy */ = {
			isa = PBXContainerItemProxy;
			containerPortal = 8E5A437629B587EA00252339 /* Project object */;
			proxyType = 1;
			remoteGlobalIDString = 8E5A437D29B587EA00252339;
			remoteInfo = moovie;
		};
/* End PBXContainerItemProxy section */

/* Begin PBXFileReference section */
		8E27F4C129BEF8320024E191 /* PostersViewController.swift */ = {isa = PBXFileReference; lastKnownFileType = sourcecode.swift; path = PostersViewController.swift; sourceTree = "<group>"; };
		8E27F4C329BEF97E0024E191 /* Poster.swift */ = {isa = PBXFileReference; lastKnownFileType = sourcecode.swift; path = Poster.swift; sourceTree = "<group>"; };
		8E27F4C529BEFC6A0024E191 /* PosterCell.swift */ = {isa = PBXFileReference; lastKnownFileType = sourcecode.swift; path = PosterCell.swift; sourceTree = "<group>"; };
		8E27F4C729BF0AEE0024E191 /* Similar.swift */ = {isa = PBXFileReference; lastKnownFileType = sourcecode.swift; path = Similar.swift; sourceTree = "<group>"; };
		8E27F4CB29BF0CC30024E191 /* SimilarCell.swift */ = {isa = PBXFileReference; lastKnownFileType = sourcecode.swift; path = SimilarCell.swift; sourceTree = "<group>"; };
		8E27F4CD29BF0CEE0024E191 /* SimilarViewController.swift */ = {isa = PBXFileReference; lastKnownFileType = sourcecode.swift; path = SimilarViewController.swift; sourceTree = "<group>"; };
		8E5A437E29B587EA00252339 /* moovie.app */ = {isa = PBXFileReference; explicitFileType = wrapper.application; includeInIndex = 0; path = moovie.app; sourceTree = BUILT_PRODUCTS_DIR; };
		8E5A438129B587EA00252339 /* AppDelegate.swift */ = {isa = PBXFileReference; lastKnownFileType = sourcecode.swift; path = AppDelegate.swift; sourceTree = "<group>"; };
		8E5A438329B587EA00252339 /* SceneDelegate.swift */ = {isa = PBXFileReference; lastKnownFileType = sourcecode.swift; path = SceneDelegate.swift; sourceTree = "<group>"; };
		8E5A438529B587EA00252339 /* MoviesViewController.swift */ = {isa = PBXFileReference; lastKnownFileType = sourcecode.swift; path = MoviesViewController.swift; sourceTree = "<group>"; };
		8E5A438829B587EA00252339 /* Base */ = {isa = PBXFileReference; lastKnownFileType = file.storyboard; name = Base; path = Base.lproj/Main.storyboard; sourceTree = "<group>"; };
		8E5A438A29B587EC00252339 /* Assets.xcassets */ = {isa = PBXFileReference; lastKnownFileType = folder.assetcatalog; path = Assets.xcassets; sourceTree = "<group>"; };
		8E5A438D29B587EC00252339 /* Base */ = {isa = PBXFileReference; lastKnownFileType = file.storyboard; name = Base; path = Base.lproj/LaunchScreen.storyboard; sourceTree = "<group>"; };
		8E5A438F29B587EC00252339 /* Info.plist */ = {isa = PBXFileReference; lastKnownFileType = text.plist.xml; path = Info.plist; sourceTree = "<group>"; };
		8E5A439429B587EC00252339 /* moovieTests.xctest */ = {isa = PBXFileReference; explicitFileType = wrapper.cfbundle; includeInIndex = 0; path = moovieTests.xctest; sourceTree = BUILT_PRODUCTS_DIR; };
		8E5A439829B587EC00252339 /* moovieTests.swift */ = {isa = PBXFileReference; lastKnownFileType = sourcecode.swift; path = moovieTests.swift; sourceTree = "<group>"; };
		8E5A439E29B587EC00252339 /* moovieUITests.xctest */ = {isa = PBXFileReference; explicitFileType = wrapper.cfbundle; includeInIndex = 0; path = moovieUITests.xctest; sourceTree = BUILT_PRODUCTS_DIR; };
		8E5A43A229B587EC00252339 /* moovieUITests.swift */ = {isa = PBXFileReference; lastKnownFileType = sourcecode.swift; path = moovieUITests.swift; sourceTree = "<group>"; };
		8E5A43A429B587EC00252339 /* moovieUITestsLaunchTests.swift */ = {isa = PBXFileReference; lastKnownFileType = sourcecode.swift; path = moovieUITestsLaunchTests.swift; sourceTree = "<group>"; };
		8E5A43B129B5893300252339 /* Movie.swift */ = {isa = PBXFileReference; lastKnownFileType = sourcecode.swift; path = Movie.swift; sourceTree = "<group>"; };
		8E5A43B329B58D8D00252339 /* MovieCell.swift */ = {isa = PBXFileReference; lastKnownFileType = sourcecode.swift; path = MovieCell.swift; sourceTree = "<group>"; };
		8E5A43BD29B5C95B00252339 /* DetailViewController.swift */ = {isa = PBXFileReference; lastKnownFileType = sourcecode.swift; path = DetailViewController.swift; sourceTree = "<group>"; };
/* End PBXFileReference section */

/* Begin PBXFrameworksBuildPhase section */
		8E5A437B29B587EA00252339 /* Frameworks */ = {
			isa = PBXFrameworksBuildPhase;
			buildActionMask = 2147483647;
			files = (
				8E5A43B829B5B30A00252339 /* Nuke in Frameworks */,
			);
			runOnlyForDeploymentPostprocessing = 0;
		};
		8E5A439129B587EC00252339 /* Frameworks */ = {
			isa = PBXFrameworksBuildPhase;
			buildActionMask = 2147483647;
			files = (
			);
			runOnlyForDeploymentPostprocessing = 0;
		};
		8E5A439B29B587EC00252339 /* Frameworks */ = {
			isa = PBXFrameworksBuildPhase;
			buildActionMask = 2147483647;
			files = (
			);
			runOnlyForDeploymentPostprocessing = 0;
		};
/* End PBXFrameworksBuildPhase section */

/* Begin PBXGroup section */
		8E5A437529B587EA00252339 = {
			isa = PBXGroup;
			children = (
				8E5A438029B587EA00252339 /* moovie */,
				8E5A439729B587EC00252339 /* moovieTests */,
				8E5A43A129B587EC00252339 /* moovieUITests */,
				8E5A437F29B587EA00252339 /* Products */,
			);
			sourceTree = "<group>";
		};
		8E5A437F29B587EA00252339 /* Products */ = {
			isa = PBXGroup;
			children = (
				8E5A437E29B587EA00252339 /* moovie.app */,
				8E5A439429B587EC00252339 /* moovieTests.xctest */,
				8E5A439E29B587EC00252339 /* moovieUITests.xctest */,
			);
			name = Products;
			sourceTree = "<group>";
		};
		8E5A438029B587EA00252339 /* moovie */ = {
			isa = PBXGroup;
			children = (
				8E5A43B529B58D9D00252339 /* Models */,
				8E5A438129B587EA00252339 /* AppDelegate.swift */,
				8E5A438329B587EA00252339 /* SceneDelegate.swift */,
				8E5A438529B587EA00252339 /* MoviesViewController.swift */,
				8E5A43B329B58D8D00252339 /* MovieCell.swift */,
				8E27F4C129BEF8320024E191 /* PostersViewController.swift */,
				8E5A438729B587EA00252339 /* Main.storyboard */,
				8E5A438A29B587EC00252339 /* Assets.xcassets */,
				8E5A438C29B587EC00252339 /* LaunchScreen.storyboard */,
				8E5A438F29B587EC00252339 /* Info.plist */,
				8E5A43BD29B5C95B00252339 /* DetailViewController.swift */,
				8E27F4C529BEFC6A0024E191 /* PosterCell.swift */,
				8E27F4CB29BF0CC30024E191 /* SimilarCell.swift */,
				8E27F4CD29BF0CEE0024E191 /* SimilarViewController.swift */,
			);
			path = moovie;
			sourceTree = "<group>";
		};
		8E5A439729B587EC00252339 /* moovieTests */ = {
			isa = PBXGroup;
			children = (
				8E5A439829B587EC00252339 /* moovieTests.swift */,
			);
			path = moovieTests;
			sourceTree = "<group>";
		};
		8E5A43A129B587EC00252339 /* moovieUITests */ = {
			isa = PBXGroup;
			children = (
				8E5A43A229B587EC00252339 /* moovieUITests.swift */,
				8E5A43A429B587EC00252339 /* moovieUITestsLaunchTests.swift */,
			);
			path = moovieUITests;
			sourceTree = "<group>";
		};
		8E5A43B529B58D9D00252339 /* Models */ = {
			isa = PBXGroup;
			children = (
				8E5A43B129B5893300252339 /* Movie.swift */,
				8E27F4C329BEF97E0024E191 /* Poster.swift */,
				8E27F4C729BF0AEE0024E191 /* Similar.swift */,
			);
			path = Models;
			sourceTree = "<group>";
		};
/* End PBXGroup section */

/* Begin PBXNativeTarget section */
		8E5A437D29B587EA00252339 /* moovie */ = {
			isa = PBXNativeTarget;
			buildConfigurationList = 8E5A43A829B587EC00252339 /* Build configuration list for PBXNativeTarget "moovie" */;
			buildPhases = (
				8E5A437A29B587EA00252339 /* Sources */,
				8E5A437B29B587EA00252339 /* Frameworks */,
				8E5A437C29B587EA00252339 /* Resources */,
			);
			buildRules = (
			);
			dependencies = (
			);
			name = moovie;
			packageProductDependencies = (
				8E5A43B729B5B30A00252339 /* Nuke */,
			);
			productName = moovie;
			productReference = 8E5A437E29B587EA00252339 /* moovie.app */;
			productType = "com.apple.product-type.application";
		};
		8E5A439329B587EC00252339 /* moovieTests */ = {
			isa = PBXNativeTarget;
			buildConfigurationList = 8E5A43AB29B587EC00252339 /* Build configuration list for PBXNativeTarget "moovieTests" */;
			buildPhases = (
				8E5A439029B587EC00252339 /* Sources */,
				8E5A439129B587EC00252339 /* Frameworks */,
				8E5A439229B587EC00252339 /* Resources */,
			);
			buildRules = (
			);
			dependencies = (
				8E5A439629B587EC00252339 /* PBXTargetDependency */,
			);
			name = moovieTests;
			productName = moovieTests;
			productReference = 8E5A439429B587EC00252339 /* moovieTests.xctest */;
			productType = "com.apple.product-type.bundle.unit-test";
		};
		8E5A439D29B587EC00252339 /* moovieUITests */ = {
			isa = PBXNativeTarget;
			buildConfigurationList = 8E5A43AE29B587EC00252339 /* Build configuration list for PBXNativeTarget "moovieUITests" */;
			buildPhases = (
				8E5A439A29B587EC00252339 /* Sources */,
				8E5A439B29B587EC00252339 /* Frameworks */,
				8E5A439C29B587EC00252339 /* Resources */,
			);
			buildRules = (
			);
			dependencies = (
				8E5A43A029B587EC00252339 /* PBXTargetDependency */,
			);
			name = moovieUITests;
			productName = moovieUITests;
			productReference = 8E5A439E29B587EC00252339 /* moovieUITests.xctest */;
			productType = "com.apple.product-type.bundle.ui-testing";
		};
/* End PBXNativeTarget section */

/* Begin PBXProject section */
		8E5A437629B587EA00252339 /* Project object */ = {
			isa = PBXProject;
			attributes = {
				BuildIndependentTargetsInParallel = 1;
				LastSwiftUpdateCheck = 1420;
				LastUpgradeCheck = 1420;
				TargetAttributes = {
					8E5A437D29B587EA00252339 = {
						CreatedOnToolsVersion = 14.2;
					};
					8E5A439329B587EC00252339 = {
						CreatedOnToolsVersion = 14.2;
						TestTargetID = 8E5A437D29B587EA00252339;
					};
					8E5A439D29B587EC00252339 = {
						CreatedOnToolsVersion = 14.2;
						TestTargetID = 8E5A437D29B587EA00252339;
					};
				};
			};
			buildConfigurationList = 8E5A437929B587EA00252339 /* Build configuration list for PBXProject "moovie" */;
			compatibilityVersion = "Xcode 14.0";
			developmentRegion = en;
			hasScannedForEncodings = 0;
			knownRegions = (
				en,
				Base,
			);
			mainGroup = 8E5A437529B587EA00252339;
			packageReferences = (
				8E5A43B629B5B30900252339 /* XCRemoteSwiftPackageReference "Nuke" */,
			);
			productRefGroup = 8E5A437F29B587EA00252339 /* Products */;
			projectDirPath = "";
			projectRoot = "";
			targets = (
				8E5A437D29B587EA00252339 /* moovie */,
				8E5A439329B587EC00252339 /* moovieTests */,
				8E5A439D29B587EC00252339 /* moovieUITests */,
			);
		};
/* End PBXProject section */

/* Begin PBXResourcesBuildPhase section */
		8E5A437C29B587EA00252339 /* Resources */ = {
			isa = PBXResourcesBuildPhase;
			buildActionMask = 2147483647;
			files = (
				8E5A438E29B587EC00252339 /* LaunchScreen.storyboard in Resources */,
				8E5A438B29B587EC00252339 /* Assets.xcassets in Resources */,
				8E5A438929B587EA00252339 /* Main.storyboard in Resources */,
			);
			runOnlyForDeploymentPostprocessing = 0;
		};
		8E5A439229B587EC00252339 /* Resources */ = {
			isa = PBXResourcesBuildPhase;
			buildActionMask = 2147483647;
			files = (
			);
			runOnlyForDeploymentPostprocessing = 0;
		};
		8E5A439C29B587EC00252339 /* Resources */ = {
			isa = PBXResourcesBuildPhase;
			buildActionMask = 2147483647;
			files = (
			);
			runOnlyForDeploymentPostprocessing = 0;
		};
/* End PBXResourcesBuildPhase section */

/* Begin PBXSourcesBuildPhase section */
		8E5A437A29B587EA00252339 /* Sources */ = {
			isa = PBXSourcesBuildPhase;
			buildActionMask = 2147483647;
			files = (
				8E5A438629B587EA00252339 /* MoviesViewController.swift in Sources */,
				8E5A438229B587EA00252339 /* AppDelegate.swift in Sources */,
				8E5A43B229B5893300252339 /* Movie.swift in Sources */,
				8E27F4C829BF0AEF0024E191 /* Similar.swift in Sources */,
				8E27F4CC29BF0CC30024E191 /* SimilarCell.swift in Sources */,
				8E5A43BE29B5C95B00252339 /* DetailViewController.swift in Sources */,
				8E27F4C429BEF97E0024E191 /* Poster.swift in Sources */,
				8E5A43B429B58D8D00252339 /* MovieCell.swift in Sources */,
				8E27F4C229BEF8320024E191 /* PostersViewController.swift in Sources */,
				8E5A438429B587EA00252339 /* SceneDelegate.swift in Sources */,
				8E27F4CE29BF0CEE0024E191 /* SimilarViewController.swift in Sources */,
				8E27F4C629BEFC6A0024E191 /* PosterCell.swift in Sources */,
			);
			runOnlyForDeploymentPostprocessing = 0;
		};
		8E5A439029B587EC00252339 /* Sources */ = {
			isa = PBXSourcesBuildPhase;
			buildActionMask = 2147483647;
			files = (
				8E5A439929B587EC00252339 /* moovieTests.swift in Sources */,
			);
			runOnlyForDeploymentPostprocessing = 0;
		};
		8E5A439A29B587EC00252339 /* Sources */ = {
			isa = PBXSourcesBuildPhase;
			buildActionMask = 2147483647;
			files = (
				8E5A43A329B587EC00252339 /* moovieUITests.swift in Sources */,
				8E5A43A529B587EC00252339 /* moovieUITestsLaunchTests.swift in Sources */,
			);
			runOnlyForDeploymentPostprocessing = 0;
		};
/* End PBXSourcesBuildPhase section */

/* Begin PBXTargetDependency section */
		8E5A439629B587EC00252339 /* PBXTargetDependency */ = {
			isa = PBXTargetDependency;
			target = 8E5A437D29B587EA00252339 /* moovie */;
			targetProxy = 8E5A439529B587EC00252339 /* PBXContainerItemProxy */;
		};
		8E5A43A029B587EC00252339 /* PBXTargetDependency */ = {
			isa = PBXTargetDependency;
			target = 8E5A437D29B587EA00252339 /* moovie */;
			targetProxy = 8E5A439F29B587EC00252339 /* PBXContainerItemProxy */;
		};
/* End PBXTargetDependency section */

/* Begin PBXVariantGroup section */
		8E5A438729B587EA00252339 /* Main.storyboard */ = {
			isa = PBXVariantGroup;
			children = (
				8E5A438829B587EA00252339 /* Base */,
			);
			name = Main.storyboard;
			sourceTree = "<group>";
		};
		8E5A438C29B587EC00252339 /* LaunchScreen.storyboard */ = {
			isa = PBXVariantGroup;
			children = (
				8E5A438D29B587EC00252339 /* Base */,
			);
			name = LaunchScreen.storyboard;
			sourceTree = "<group>";
		};
/* End PBXVariantGroup section */

/* Begin XCBuildConfiguration section */
		8E5A43A629B587EC00252339 /* Debug */ = {
			isa = XCBuildConfiguration;
			buildSettings = {
				ALWAYS_SEARCH_USER_PATHS = NO;
				CLANG_ANALYZER_NONNULL = YES;
				CLANG_ANALYZER_NUMBER_OBJECT_CONVERSION = YES_AGGRESSIVE;
				CLANG_CXX_LANGUAGE_STANDARD = "gnu++20";
				CLANG_ENABLE_MODULES = YES;
				CLANG_ENABLE_OBJC_ARC = YES;
				CLANG_ENABLE_OBJC_WEAK = YES;
				CLANG_WARN_BLOCK_CAPTURE_AUTORELEASING = YES;
				CLANG_WARN_BOOL_CONVERSION = YES;
				CLANG_WARN_COMMA = YES;
				CLANG_WARN_CONSTANT_CONVERSION = YES;
				CLANG_WARN_DEPRECATED_OBJC_IMPLEMENTATIONS = YES;
				CLANG_WARN_DIRECT_OBJC_ISA_USAGE = YES_ERROR;
				CLANG_WARN_DOCUMENTATION_COMMENTS = YES;
				CLANG_WARN_EMPTY_BODY = YES;
				CLANG_WARN_ENUM_CONVERSION = YES;
				CLANG_WARN_INFINITE_RECURSION = YES;
				CLANG_WARN_INT_CONVERSION = YES;
				CLANG_WARN_NON_LITERAL_NULL_CONVERSION = YES;
				CLANG_WARN_OBJC_IMPLICIT_RETAIN_SELF = YES;
				CLANG_WARN_OBJC_LITERAL_CONVERSION = YES;
				CLANG_WARN_OBJC_ROOT_CLASS = YES_ERROR;
				CLANG_WARN_QUOTED_INCLUDE_IN_FRAMEWORK_HEADER = YES;
				CLANG_WARN_RANGE_LOOP_ANALYSIS = YES;
				CLANG_WARN_STRICT_PROTOTYPES = YES;
				CLANG_WARN_SUSPICIOUS_MOVE = YES;
				CLANG_WARN_UNGUARDED_AVAILABILITY = YES_AGGRESSIVE;
				CLANG_WARN_UNREACHABLE_CODE = YES;
				CLANG_WARN__DUPLICATE_METHOD_MATCH = YES;
				COPY_PHASE_STRIP = NO;
				DEBUG_INFORMATION_FORMAT = dwarf;
				ENABLE_STRICT_OBJC_MSGSEND = YES;
				ENABLE_TESTABILITY = YES;
				GCC_C_LANGUAGE_STANDARD = gnu11;
				GCC_DYNAMIC_NO_PIC = NO;
				GCC_NO_COMMON_BLOCKS = YES;
				GCC_OPTIMIZATION_LEVEL = 0;
				GCC_PREPROCESSOR_DEFINITIONS = (
					"DEBUG=1",
					"$(inherited)",
				);
				GCC_WARN_64_TO_32_BIT_CONVERSION = YES;
				GCC_WARN_ABOUT_RETURN_TYPE = YES_ERROR;
				GCC_WARN_UNDECLARED_SELECTOR = YES;
				GCC_WARN_UNINITIALIZED_AUTOS = YES_AGGRESSIVE;
				GCC_WARN_UNUSED_FUNCTION = YES;
				GCC_WARN_UNUSED_VARIABLE = YES;
				IPHONEOS_DEPLOYMENT_TARGET = 16.2;
				MTL_ENABLE_DEBUG_INFO = INCLUDE_SOURCE;
				MTL_FAST_MATH = YES;
				ONLY_ACTIVE_ARCH = YES;
				SDKROOT = iphoneos;
				SWIFT_ACTIVE_COMPILATION_CONDITIONS = DEBUG;
				SWIFT_OPTIMIZATION_LEVEL = "-Onone";
			};
			name = Debug;
		};
		8E5A43A729B587EC00252339 /* Release */ = {
			isa = XCBuildConfiguration;
			buildSettings = {
				ALWAYS_SEARCH_USER_PATHS = NO;
				CLANG_ANALYZER_NONNULL = YES;
				CLANG_ANALYZER_NUMBER_OBJECT_CONVERSION = YES_AGGRESSIVE;
				CLANG_CXX_LANGUAGE_STANDARD = "gnu++20";
				CLANG_ENABLE_MODULES = YES;
				CLANG_ENABLE_OBJC_ARC = YES;
				CLANG_ENABLE_OBJC_WEAK = YES;
				CLANG_WARN_BLOCK_CAPTURE_AUTORELEASING = YES;
				CLANG_WARN_BOOL_CONVERSION = YES;
				CLANG_WARN_COMMA = YES;
				CLANG_WARN_CONSTANT_CONVERSION = YES;
				CLANG_WARN_DEPRECATED_OBJC_IMPLEMENTATIONS = YES;
				CLANG_WARN_DIRECT_OBJC_ISA_USAGE = YES_ERROR;
				CLANG_WARN_DOCUMENTATION_COMMENTS = YES;
				CLANG_WARN_EMPTY_BODY = YES;
				CLANG_WARN_ENUM_CONVERSION = YES;
				CLANG_WARN_INFINITE_RECURSION = YES;
				CLANG_WARN_INT_CONVERSION = YES;
				CLANG_WARN_NON_LITERAL_NULL_CONVERSION = YES;
				CLANG_WARN_OBJC_IMPLICIT_RETAIN_SELF = YES;
				CLANG_WARN_OBJC_LITERAL_CONVERSION = YES;
				CLANG_WARN_OBJC_ROOT_CLASS = YES_ERROR;
				CLANG_WARN_QUOTED_INCLUDE_IN_FRAMEWORK_HEADER = YES;
				CLANG_WARN_RANGE_LOOP_ANALYSIS = YES;
				CLANG_WARN_STRICT_PROTOTYPES = YES;
				CLANG_WARN_SUSPICIOUS_MOVE = YES;
				CLANG_WARN_UNGUARDED_AVAILABILITY = YES_AGGRESSIVE;
				CLANG_WARN_UNREACHABLE_CODE = YES;
				CLANG_WARN__DUPLICATE_METHOD_MATCH = YES;
				COPY_PHASE_STRIP = NO;
				DEBUG_INFORMATION_FORMAT = "dwarf-with-dsym";
				ENABLE_NS_ASSERTIONS = NO;
				ENABLE_STRICT_OBJC_MSGSEND = YES;
				GCC_C_LANGUAGE_STANDARD = gnu11;
				GCC_NO_COMMON_BLOCKS = YES;
				GCC_WARN_64_TO_32_BIT_CONVERSION = YES;
				GCC_WARN_ABOUT_RETURN_TYPE = YES_ERROR;
				GCC_WARN_UNDECLARED_SELECTOR = YES;
				GCC_WARN_UNINITIALIZED_AUTOS = YES_AGGRESSIVE;
				GCC_WARN_UNUSED_FUNCTION = YES;
				GCC_WARN_UNUSED_VARIABLE = YES;
				IPHONEOS_DEPLOYMENT_TARGET = 16.2;
				MTL_ENABLE_DEBUG_INFO = NO;
				MTL_FAST_MATH = YES;
				SDKROOT = iphoneos;
				SWIFT_COMPILATION_MODE = wholemodule;
				SWIFT_OPTIMIZATION_LEVEL = "-O";
				VALIDATE_PRODUCT = YES;
			};
			name = Release;
		};
		8E5A43A929B587EC00252339 /* Debug */ = {
			isa = XCBuildConfiguration;
			buildSettings = {
				ASSETCATALOG_COMPILER_APPICON_NAME = AppIcon;
				ASSETCATALOG_COMPILER_GLOBAL_ACCENT_COLOR_NAME = AccentColor;
				CODE_SIGN_STYLE = Automatic;
				CURRENT_PROJECT_VERSION = 1;
				DEVELOPMENT_TEAM = DF6F6MAT77;
				GENERATE_INFOPLIST_FILE = YES;
				INFOPLIST_FILE = moovie/Info.plist;
				INFOPLIST_KEY_UIApplicationSupportsIndirectInputEvents = YES;
				INFOPLIST_KEY_UILaunchStoryboardName = LaunchScreen;
				INFOPLIST_KEY_UIMainStoryboardFile = Main;
				INFOPLIST_KEY_UISupportedInterfaceOrientations_iPad = "UIInterfaceOrientationPortrait UIInterfaceOrientationPortraitUpsideDown UIInterfaceOrientationLandscapeLeft UIInterfaceOrientationLandscapeRight";
				INFOPLIST_KEY_UISupportedInterfaceOrientations_iPhone = "UIInterfaceOrientationPortrait UIInterfaceOrientationLandscapeLeft UIInterfaceOrientationLandscapeRight";
				LD_RUNPATH_SEARCH_PATHS = (
					"$(inherited)",
					"@executable_path/Frameworks",
				);
				MARKETING_VERSION = 1.0;
				PRODUCT_BUNDLE_IDENTIFIER = yerlandana.moovie;
				PRODUCT_NAME = "$(TARGET_NAME)";
				SWIFT_EMIT_LOC_STRINGS = YES;
				SWIFT_VERSION = 5.0;
				TARGETED_DEVICE_FAMILY = "1,2";
			};
			name = Debug;
		};
		8E5A43AA29B587EC00252339 /* Release */ = {
			isa = XCBuildConfiguration;
			buildSettings = {
				ASSETCATALOG_COMPILER_APPICON_NAME = AppIcon;
				ASSETCATALOG_COMPILER_GLOBAL_ACCENT_COLOR_NAME = AccentColor;
				CODE_SIGN_STYLE = Automatic;
				CURRENT_PROJECT_VERSION = 1;
				DEVELOPMENT_TEAM = DF6F6MAT77;
				GENERATE_INFOPLIST_FILE = YES;
				INFOPLIST_FILE = moovie/Info.plist;
				INFOPLIST_KEY_UIApplicationSupportsIndirectInputEvents = YES;
				INFOPLIST_KEY_UILaunchStoryboardName = LaunchScreen;
				INFOPLIST_KEY_UIMainStoryboardFile = Main;
				INFOPLIST_KEY_UISupportedInterfaceOrientations_iPad = "UIInterfaceOrientationPortrait UIInterfaceOrientationPortraitUpsideDown UIInterfaceOrientationLandscapeLeft UIInterfaceOrientationLandscapeRight";
				INFOPLIST_KEY_UISupportedInterfaceOrientations_iPhone = "UIInterfaceOrientationPortrait UIInterfaceOrientationLandscapeLeft UIInterfaceOrientationLandscapeRight";
				LD_RUNPATH_SEARCH_PATHS = (
					"$(inherited)",
					"@executable_path/Frameworks",
				);
				MARKETING_VERSION = 1.0;
				PRODUCT_BUNDLE_IDENTIFIER = yerlandana.moovie;
				PRODUCT_NAME = "$(TARGET_NAME)";
				SWIFT_EMIT_LOC_STRINGS = YES;
				SWIFT_VERSION = 5.0;
				TARGETED_DEVICE_FAMILY = "1,2";
			};
			name = Release;
		};
		8E5A43AC29B587EC00252339 /* Debug */ = {
			isa = XCBuildConfiguration;
			buildSettings = {
				ALWAYS_EMBED_SWIFT_STANDARD_LIBRARIES = YES;
				BUNDLE_LOADER = "$(TEST_HOST)";
				CODE_SIGN_STYLE = Automatic;
				CURRENT_PROJECT_VERSION = 1;
				DEVELOPMENT_TEAM = DF6F6MAT77;
				GENERATE_INFOPLIST_FILE = YES;
				IPHONEOS_DEPLOYMENT_TARGET = 16.2;
				MARKETING_VERSION = 1.0;
				PRODUCT_BUNDLE_IDENTIFIER = yerlandana.moovieTests;
				PRODUCT_NAME = "$(TARGET_NAME)";
				SWIFT_EMIT_LOC_STRINGS = NO;
				SWIFT_VERSION = 5.0;
				TARGETED_DEVICE_FAMILY = "1,2";
				TEST_HOST = "$(BUILT_PRODUCTS_DIR)/moovie.app/$(BUNDLE_EXECUTABLE_FOLDER_PATH)/moovie";
			};
			name = Debug;
		};
		8E5A43AD29B587EC00252339 /* Release */ = {
			isa = XCBuildConfiguration;
			buildSettings = {
				ALWAYS_EMBED_SWIFT_STANDARD_LIBRARIES = YES;
				BUNDLE_LOADER = "$(TEST_HOST)";
				CODE_SIGN_STYLE = Automatic;
				CURRENT_PROJECT_VERSION = 1;
				DEVELOPMENT_TEAM = DF6F6MAT77;
				GENERATE_INFOPLIST_FILE = YES;
				IPHONEOS_DEPLOYMENT_TARGET = 16.2;
				MARKETING_VERSION = 1.0;
				PRODUCT_BUNDLE_IDENTIFIER = yerlandana.moovieTests;
				PRODUCT_NAME = "$(TARGET_NAME)";
				SWIFT_EMIT_LOC_STRINGS = NO;
				SWIFT_VERSION = 5.0;
				TARGETED_DEVICE_FAMILY = "1,2";
				TEST_HOST = "$(BUILT_PRODUCTS_DIR)/moovie.app/$(BUNDLE_EXECUTABLE_FOLDER_PATH)/moovie";
			};
			name = Release;
		};
		8E5A43AF29B587EC00252339 /* Debug */ = {
			isa = XCBuildConfiguration;
			buildSettings = {
				ALWAYS_EMBED_SWIFT_STANDARD_LIBRARIES = YES;
				CODE_SIGN_STYLE = Automatic;
				CURRENT_PROJECT_VERSION = 1;
				DEVELOPMENT_TEAM = DF6F6MAT77;
				GENERATE_INFOPLIST_FILE = YES;
				MARKETING_VERSION = 1.0;
				PRODUCT_BUNDLE_IDENTIFIER = yerlandana.moovieUITests;
				PRODUCT_NAME = "$(TARGET_NAME)";
				SWIFT_EMIT_LOC_STRINGS = NO;
				SWIFT_VERSION = 5.0;
				TARGETED_DEVICE_FAMILY = "1,2";
				TEST_TARGET_NAME = moovie;
			};
			name = Debug;
		};
		8E5A43B029B587EC00252339 /* Release */ = {
			isa = XCBuildConfiguration;
			buildSettings = {
				ALWAYS_EMBED_SWIFT_STANDARD_LIBRARIES = YES;
				CODE_SIGN_STYLE = Automatic;
				CURRENT_PROJECT_VERSION = 1;
				DEVELOPMENT_TEAM = DF6F6MAT77;
				GENERATE_INFOPLIST_FILE = YES;
				MARKETING_VERSION = 1.0;
				PRODUCT_BUNDLE_IDENTIFIER = yerlandana.moovieUITests;
				PRODUCT_NAME = "$(TARGET_NAME)";
				SWIFT_EMIT_LOC_STRINGS = NO;
				SWIFT_VERSION = 5.0;
				TARGETED_DEVICE_FAMILY = "1,2";
				TEST_TARGET_NAME = moovie;
			};
			name = Release;
		};
/* End XCBuildConfiguration section */

/* Begin XCConfigurationList section */
		8E5A437929B587EA00252339 /* Build configuration list for PBXProject "moovie" */ = {
			isa = XCConfigurationList;
			buildConfigurations = (
				8E5A43A629B587EC00252339 /* Debug */,
				8E5A43A729B587EC00252339 /* Release */,
			);
			defaultConfigurationIsVisible = 0;
			defaultConfigurationName = Release;
		};
		8E5A43A829B587EC00252339 /* Build configuration list for PBXNativeTarget "moovie" */ = {
			isa = XCConfigurationList;
			buildConfigurations = (
				8E5A43A929B587EC00252339 /* Debug */,
				8E5A43AA29B587EC00252339 /* Release */,
			);
			defaultConfigurationIsVisible = 0;
			defaultConfigurationName = Release;
		};
		8E5A43AB29B587EC00252339 /* Build configuration list for PBXNativeTarget "moovieTests" */ = {
			isa = XCConfigurationList;
			buildConfigurations = (
				8E5A43AC29B587EC00252339 /* Debug */,
				8E5A43AD29B587EC00252339 /* Release */,
			);
			defaultConfigurationIsVisible = 0;
			defaultConfigurationName = Release;
		};
		8E5A43AE29B587EC00252339 /* Build configuration list for PBXNativeTarget "moovieUITests" */ = {
			isa = XCConfigurationList;
			buildConfigurations = (
				8E5A43AF29B587EC00252339 /* Debug */,
				8E5A43B029B587EC00252339 /* Release */,
			);
			defaultConfigurationIsVisible = 0;
			defaultConfigurationName = Release;
		};
/* End XCConfigurationList section */

/* Begin XCRemoteSwiftPackageReference section */
		8E5A43B629B5B30900252339 /* XCRemoteSwiftPackageReference "Nuke" */ = {
			isa = XCRemoteSwiftPackageReference;
			repositoryURL = "https://github.com/kean/Nuke.git";
			requirement = {
				kind = upToNextMajorVersion;
				minimumVersion = 9.0.0;
			};
		};
/* End XCRemoteSwiftPackageReference section */

/* Begin XCSwiftPackageProductDependency section */
		8E5A43B729B5B30A00252339 /* Nuke */ = {
			isa = XCSwiftPackageProductDependency;
			package = 8E5A43B629B5B30900252339 /* XCRemoteSwiftPackageReference "Nuke" */;
			productName = Nuke;
		};
/* End XCSwiftPackageProductDependency section */
	};
	rootObject = 8E5A437629B587EA00252339 /* Project object */;
}
